
Microsoft Visual Studio Solution File, Format Version 12.00
# Visual Studio Version 17
VisualStudioVersion = 17.9.34701.34
MinimumVisualStudioVersion = 10.0.40219.1
Project("{9A19103F-16F7-4668-BE54-9A1E7A4F7556}") = "Demo01_HelloWorld", "Demo01_HelloWorld\Demo01_HelloWorld.csproj", "{A9179C79-F915-49C1-9303-C7B9FE65EEA2}"
EndProject
Project("{9A19103F-16F7-4668-BE54-9A1E7A4F7556}") = "Demo02_MethodParameters", "Demo02_MethodParameters\Demo02_MethodParameters.csproj", "{55FC3DB3-0931-4CA9-80E8-48F3B23123EB}"
EndProject
Project("{9A19103F-16F7-4668-BE54-9A1E7A4F7556}") = "Demo03_ConvertingDataTypes", "Demo03_ConvertingDataTypes\Demo03_ConvertingDataTypes.csproj", "{AE14506A-DD83-41CD-83A0-FF88F2E70A65}"
EndProject
Project("{9A19103F-16F7-4668-BE54-9A1E7A4F7556}") = "Demo04_Struct", "Demo04_Struct\Demo04_Struct.csproj", "{F70303DD-2204-44BC-9930-49AA9F7A4813}"
EndProject
Project("{9A19103F-16F7-4668-BE54-9A1E7A4F7556}") = "Demo05_Class", "Demo05_Class\Demo05_Class.csproj", "{8D6FD81F-855D-4C93-B71E-70541C24947F}"
EndProject
Project("{9A19103F-16F7-4668-BE54-9A1E7A4F7556}") = "Demo06_BoxingUnboxing", "Demo06_BoxingUnboxing\Demo06_BoxingUnboxing.csproj", "{1367A6CD-8A31-48AF-9300-25AEF8351636}"
EndProject
Project("{2150E333-8FDC-42A3-9474-1A3956D46DE8}") = "Solution Items", "Solution Items", "{685764B2-DF53-4834-8305-E31FB8D2AFE4}"
	ProjectSection(SolutionItems) = preProject
		ErrorObject.png = ErrorObject.png
		ExceptionHandlingFlow.gif = ExceptionHandlingFlow.gif
		OnErrorGoto.png = OnErrorGoto.png
		README.md = README.md
		Readme.txt = Readme.txt
	EndProjectSection
EndProject
Project("{9A19103F-16F7-4668-BE54-9A1E7A4F7556}") = "Demo07_TypeMembers", "Demo07_TypeMembers\Demo07_TypeMembers.csproj", "{B7220B4F-1A86-462A-8065-30C52F4CDF65}"
EndProject
Project("{9A19103F-16F7-4668-BE54-9A1E7A4F7556}") = "Demo08_Indexer", "Demo08_Indexer\Demo08_Indexer.csproj", "{CB87E8B1-242A-41CF-8BCD-5CB982BE4EAE}"
EndProject
Project("{9A19103F-16F7-4668-BE54-9A1E7A4F7556}") = "Demo09_Constructors", "Demo09_Constructors\Demo09_Constructors.csproj", "{5088659D-ADD9-4B34-9A85-CBBEB3A4D032}"
EndProject
Project("{9A19103F-16F7-4668-BE54-9A1E7A4F7556}") = "Demo10_Inheritance", "Demo10_Inheritance\Demo10_Inheritance.csproj", "{201B4545-C5AB-4024-AE21-A9AE37356AD2}"
EndProject
Project("{9A19103F-16F7-4668-BE54-9A1E7A4F7556}") = "Demo11_Enum", "Demo11_Enum\Demo11_Enum.csproj", "{294EC12A-687A-4189-9499-F0179183333E}"
EndProject
Project("{9A19103F-16F7-4668-BE54-9A1E7A4F7556}") = "Demo12_Interface", "Demo12_Interface\Demo12_Interface.csproj", "{3BFAE546-F79B-453E-81DE-A835530A3FDD}"
EndProject
Project("{9A19103F-16F7-4668-BE54-9A1E7A4F7556}") = "Demo13_Delegate", "Demo13_Delegate\Demo13_Delegate.csproj", "{CEBA30DE-8826-4C60-BBC7-542E2856DE34}"
EndProject
Project("{9A19103F-16F7-4668-BE54-9A1E7A4F7556}") = "Demo14_Interface02", "Demo14_Interface02\Demo14_Interface02.csproj", "{24A7D3D5-C27C-4BA2-96E3-A3147E422798}"
EndProject
Project("{9A19103F-16F7-4668-BE54-9A1E7A4F7556}") = "Demo15_Generics", "Demo15_Generics\Demo15_Generics.csproj", "{03DD303E-031F-44B8-9E53-BE07DE9546B1}"
EndProject
Project("{9A19103F-16F7-4668-BE54-9A1E7A4F7556}") = "Demo16_IEnumerator", "Demo16_IEnumerator\Demo16_IEnumerator.csproj", "{107FBABD-5CAB-4344-82D3-D5513DD0A39E}"
EndProject
Project("{9A19103F-16F7-4668-BE54-9A1E7A4F7556}") = "Demo17_IEnumerable", "Demo17_IEnumerable\Demo17_IEnumerable.csproj", "{1849C10E-A98D-42EF-8EBF-5C8B21306D4B}"
EndProject
Project("{9A19103F-16F7-4668-BE54-9A1E7A4F7556}") = "Demo18_Event", "Demo18_Event\Demo18_Event.csproj", "{5BC6ED1B-F9BE-4C40-8B92-9ABA6E6A3D2D}"
EndProject
Project("{FAE04EC0-301F-11D3-BF4B-00C04F79EFBC}") = "Demo19_Event_INotifyPropertyChanged", "Demo19_Event_INotifyPropertyChanged\Demo19_Event_INotifyPropertyChanged.csproj", "{B00F0214-DBD9-4F98-B176-DD520F97843B}"
EndProject
Project("{FAE04EC0-301F-11D3-BF4B-00C04F79EFBC}") = "Demo20_Exception", "Demo20_Exception\Demo20_Exception.csproj", "{C322BD68-A648-4467-8DAB-41D3828183C0}"
EndProject
Project("{FAE04EC0-301F-11D3-BF4B-00C04F79EFBC}") = "Demo20_ExceptionLibrary", "Demo20_ExceptionLibrary\Demo20_ExceptionLibrary.csproj", "{CDBCAC79-B890-4BC4-A3C6-27CAFF7189BB}"
EndProject
Project("{FAE04EC0-301F-11D3-BF4B-00C04F79EFBC}") = "Demo21_Linq", "Demo21_Linq\Demo21_Linq.csproj", "{F1587BAD-0527-497C-9419-43135002471F}"
EndProject
Global
	GlobalSection(SolutionConfigurationPlatforms) = preSolution
		Debug|Any CPU = Debug|Any CPU
		Release|Any CPU = Release|Any CPU
	EndGlobalSection
	GlobalSection(ProjectConfigurationPlatforms) = postSolution
		{A9179C79-F915-49C1-9303-C7B9FE65EEA2}.Debug|Any CPU.ActiveCfg = Debug|Any CPU
		{A9179C79-F915-49C1-9303-C7B9FE65EEA2}.Debug|Any CPU.Build.0 = Debug|Any CPU
		{A9179C79-F915-49C1-9303-C7B9FE65EEA2}.Release|Any CPU.ActiveCfg = Release|Any CPU
		{A9179C79-F915-49C1-9303-C7B9FE65EEA2}.Release|Any CPU.Build.0 = Release|Any CPU
		{55FC3DB3-0931-4CA9-80E8-48F3B23123EB}.Debug|Any CPU.ActiveCfg = Debug|Any CPU
		{55FC3DB3-0931-4CA9-80E8-48F3B23123EB}.Debug|Any CPU.Build.0 = Debug|Any CPU
		{55FC3DB3-0931-4CA9-80E8-48F3B23123EB}.Release|Any CPU.ActiveCfg = Release|Any CPU
		{55FC3DB3-0931-4CA9-80E8-48F3B23123EB}.Release|Any CPU.Build.0 = Release|Any CPU
		{AE14506A-DD83-41CD-83A0-FF88F2E70A65}.Debug|Any CPU.ActiveCfg = Debug|Any CPU
		{AE14506A-DD83-41CD-83A0-FF88F2E70A65}.Debug|Any CPU.Build.0 = Debug|Any CPU
		{AE14506A-DD83-41CD-83A0-FF88F2E70A65}.Release|Any CPU.ActiveCfg = Release|Any CPU
		{AE14506A-DD83-41CD-83A0-FF88F2E70A65}.Release|Any CPU.Build.0 = Release|Any CPU
		{F70303DD-2204-44BC-9930-49AA9F7A4813}.Debug|Any CPU.ActiveCfg = Debug|Any CPU
		{F70303DD-2204-44BC-9930-49AA9F7A4813}.Debug|Any CPU.Build.0 = Debug|Any CPU
		{F70303DD-2204-44BC-9930-49AA9F7A4813}.Release|Any CPU.ActiveCfg = Release|Any CPU
		{F70303DD-2204-44BC-9930-49AA9F7A4813}.Release|Any CPU.Build.0 = Release|Any CPU
		{8D6FD81F-855D-4C93-B71E-70541C24947F}.Debug|Any CPU.ActiveCfg = Debug|Any CPU
		{8D6FD81F-855D-4C93-B71E-70541C24947F}.Debug|Any CPU.Build.0 = Debug|Any CPU
		{8D6FD81F-855D-4C93-B71E-70541C24947F}.Release|Any CPU.ActiveCfg = Release|Any CPU
		{8D6FD81F-855D-4C93-B71E-70541C24947F}.Release|Any CPU.Build.0 = Release|Any CPU
		{1367A6CD-8A31-48AF-9300-25AEF8351636}.Debug|Any CPU.ActiveCfg = Debug|Any CPU
		{1367A6CD-8A31-48AF-9300-25AEF8351636}.Debug|Any CPU.Build.0 = Debug|Any CPU
		{1367A6CD-8A31-48AF-9300-25AEF8351636}.Release|Any CPU.ActiveCfg = Release|Any CPU
		{1367A6CD-8A31-48AF-9300-25AEF8351636}.Release|Any CPU.Build.0 = Release|Any CPU
		{B7220B4F-1A86-462A-8065-30C52F4CDF65}.Debug|Any CPU.ActiveCfg = Debug|Any CPU
		{B7220B4F-1A86-462A-8065-30C52F4CDF65}.Debug|Any CPU.Build.0 = Debug|Any CPU
		{B7220B4F-1A86-462A-8065-30C52F4CDF65}.Release|Any CPU.ActiveCfg = Release|Any CPU
		{B7220B4F-1A86-462A-8065-30C52F4CDF65}.Release|Any CPU.Build.0 = Release|Any CPU
		{CB87E8B1-242A-41CF-8BCD-5CB982BE4EAE}.Debug|Any CPU.ActiveCfg = Debug|Any CPU
		{CB87E8B1-242A-41CF-8BCD-5CB982BE4EAE}.Debug|Any CPU.Build.0 = Debug|Any CPU
		{CB87E8B1-242A-41CF-8BCD-5CB982BE4EAE}.Release|Any CPU.ActiveCfg = Release|Any CPU
		{CB87E8B1-242A-41CF-8BCD-5CB982BE4EAE}.Release|Any CPU.Build.0 = Release|Any CPU
		{5088659D-ADD9-4B34-9A85-CBBEB3A4D032}.Debug|Any CPU.ActiveCfg = Debug|Any CPU
		{5088659D-ADD9-4B34-9A85-CBBEB3A4D032}.Debug|Any CPU.Build.0 = Debug|Any CPU
		{5088659D-ADD9-4B34-9A85-CBBEB3A4D032}.Release|Any CPU.ActiveCfg = Release|Any CPU
		{5088659D-ADD9-4B34-9A85-CBBEB3A4D032}.Release|Any CPU.Build.0 = Release|Any CPU
		{201B4545-C5AB-4024-AE21-A9AE37356AD2}.Debug|Any CPU.ActiveCfg = Debug|Any CPU
		{201B4545-C5AB-4024-AE21-A9AE37356AD2}.Debug|Any CPU.Build.0 = Debug|Any CPU
		{201B4545-C5AB-4024-AE21-A9AE37356AD2}.Release|Any CPU.ActiveCfg = Release|Any CPU
		{201B4545-C5AB-4024-AE21-A9AE37356AD2}.Release|Any CPU.Build.0 = Release|Any CPU
		{294EC12A-687A-4189-9499-F0179183333E}.Debug|Any CPU.ActiveCfg = Debug|Any CPU
		{294EC12A-687A-4189-9499-F0179183333E}.Debug|Any CPU.Build.0 = Debug|Any CPU
		{294EC12A-687A-4189-9499-F0179183333E}.Release|Any CPU.ActiveCfg = Release|Any CPU
		{294EC12A-687A-4189-9499-F0179183333E}.Release|Any CPU.Build.0 = Release|Any CPU
		{3BFAE546-F79B-453E-81DE-A835530A3FDD}.Debug|Any CPU.ActiveCfg = Debug|Any CPU
		{3BFAE546-F79B-453E-81DE-A835530A3FDD}.Debug|Any CPU.Build.0 = Debug|Any CPU
		{3BFAE546-F79B-453E-81DE-A835530A3FDD}.Release|Any CPU.ActiveCfg = Release|Any CPU
		{3BFAE546-F79B-453E-81DE-A835530A3FDD}.Release|Any CPU.Build.0 = Release|Any CPU
		{CEBA30DE-8826-4C60-BBC7-542E2856DE34}.Debug|Any CPU.ActiveCfg = Debug|Any CPU
		{CEBA30DE-8826-4C60-BBC7-542E2856DE34}.Debug|Any CPU.Build.0 = Debug|Any CPU
		{CEBA30DE-8826-4C60-BBC7-542E2856DE34}.Release|Any CPU.ActiveCfg = Release|Any CPU
		{CEBA30DE-8826-4C60-BBC7-542E2856DE34}.Release|Any CPU.Build.0 = Release|Any CPU
		{24A7D3D5-C27C-4BA2-96E3-A3147E422798}.Debug|Any CPU.ActiveCfg = Debug|Any CPU
		{24A7D3D5-C27C-4BA2-96E3-A3147E422798}.Debug|Any CPU.Build.0 = Debug|Any CPU
		{24A7D3D5-C27C-4BA2-96E3-A3147E422798}.Release|Any CPU.ActiveCfg = Release|Any CPU
		{24A7D3D5-C27C-4BA2-96E3-A3147E422798}.Release|Any CPU.Build.0 = Release|Any CPU
		{03DD303E-031F-44B8-9E53-BE07DE9546B1}.Debug|Any CPU.ActiveCfg = Debug|Any CPU
		{03DD303E-031F-44B8-9E53-BE07DE9546B1}.Debug|Any CPU.Build.0 = Debug|Any CPU
		{03DD303E-031F-44B8-9E53-BE07DE9546B1}.Release|Any CPU.ActiveCfg = Release|Any CPU
		{03DD303E-031F-44B8-9E53-BE07DE9546B1}.Release|Any CPU.Build.0 = Release|Any CPU
		{107FBABD-5CAB-4344-82D3-D5513DD0A39E}.Debug|Any CPU.ActiveCfg = Debug|Any CPU
		{107FBABD-5CAB-4344-82D3-D5513DD0A39E}.Debug|Any CPU.Build.0 = Debug|Any CPU
		{107FBABD-5CAB-4344-82D3-D5513DD0A39E}.Release|Any CPU.ActiveCfg = Release|Any CPU
		{107FBABD-5CAB-4344-82D3-D5513DD0A39E}.Release|Any CPU.Build.0 = Release|Any CPU
		{1849C10E-A98D-42EF-8EBF-5C8B21306D4B}.Debug|Any CPU.ActiveCfg = Debug|Any CPU
		{1849C10E-A98D-42EF-8EBF-5C8B21306D4B}.Debug|Any CPU.Build.0 = Debug|Any CPU
		{1849C10E-A98D-42EF-8EBF-5C8B21306D4B}.Release|Any CPU.ActiveCfg = Release|Any CPU
		{1849C10E-A98D-42EF-8EBF-5C8B21306D4B}.Release|Any CPU.Build.0 = Release|Any CPU
		{5BC6ED1B-F9BE-4C40-8B92-9ABA6E6A3D2D}.Debug|Any CPU.ActiveCfg = Debug|Any CPU
		{5BC6ED1B-F9BE-4C40-8B92-9ABA6E6A3D2D}.Debug|Any CPU.Build.0 = Debug|Any CPU
		{5BC6ED1B-F9BE-4C40-8B92-9ABA6E6A3D2D}.Release|Any CPU.ActiveCfg = Release|Any CPU
		{5BC6ED1B-F9BE-4C40-8B92-9ABA6E6A3D2D}.Release|Any CPU.Build.0 = Release|Any CPU
		{B00F0214-DBD9-4F98-B176-DD520F97843B}.Debug|Any CPU.ActiveCfg = Debug|Any CPU
		{B00F0214-DBD9-4F98-B176-DD520F97843B}.Debug|Any CPU.Build.0 = Debug|Any CPU
		{B00F0214-DBD9-4F98-B176-DD520F97843B}.Release|Any CPU.ActiveCfg = Release|Any CPU
		{B00F0214-DBD9-4F98-B176-DD520F97843B}.Release|Any CPU.Build.0 = Release|Any CPU
		{C322BD68-A648-4467-8DAB-41D3828183C0}.Debug|Any CPU.ActiveCfg = Debug|Any CPU
		{C322BD68-A648-4467-8DAB-41D3828183C0}.Debug|Any CPU.Build.0 = Debug|Any CPU
		{C322BD68-A648-4467-8DAB-41D3828183C0}.Release|Any CPU.ActiveCfg = Release|Any CPU
		{C322BD68-A648-4467-8DAB-41D3828183C0}.Release|Any CPU.Build.0 = Release|Any CPU
		{CDBCAC79-B890-4BC4-A3C6-27CAFF7189BB}.Debug|Any CPU.ActiveCfg = Debug|Any CPU
		{CDBCAC79-B890-4BC4-A3C6-27CAFF7189BB}.Debug|Any CPU.Build.0 = Debug|Any CPU
		{CDBCAC79-B890-4BC4-A3C6-27CAFF7189BB}.Release|Any CPU.ActiveCfg = Release|Any CPU
		{CDBCAC79-B890-4BC4-A3C6-27CAFF7189BB}.Release|Any CPU.Build.0 = Release|Any CPU
		{F1587BAD-0527-497C-9419-43135002471F}.Debug|Any CPU.ActiveCfg = Debug|Any CPU
		{F1587BAD-0527-497C-9419-43135002471F}.Debug|Any CPU.Build.0 = Debug|Any CPU
		{F1587BAD-0527-497C-9419-43135002471F}.Release|Any CPU.ActiveCfg = Release|Any CPU
		{F1587BAD-0527-497C-9419-43135002471F}.Release|Any CPU.Build.0 = Release|Any CPU
	EndGlobalSection
	GlobalSection(SolutionProperties) = preSolution
		HideSolutionNode = FALSE
	EndGlobalSection
	GlobalSection(ExtensibilityGlobals) = postSolution
		SolutionGuid = {624E6384-0F76-4A23-A5F2-C239A9900EEF}
	EndGlobalSection
EndGlobal
